# This file is automatically @generated by Cargo.
# It is not intended for manual editing.
version = 3

[[package]]
name = "day1"
version = "0.1.0"
dependencies = [
 "relative-path",
]

[[package]]
name = "relative-path"
version = "1.7.2"
source = "registry+https://github.com/rust-lang/crates.io-index"
checksum = "0df32d82cedd1499386877b062ebe8721f806de80b08d183c70184ef17dd1d42"
